
Microsoft Visual Studio Solution File, Format Version 12.00
# Visual Studio 15
Project("{FAE04EC0-301F-11D3-BF4B-00C04F79EFBC}") = "PhotonRealtime", "PhotonRealtime.csproj", "{5A6CE5C5-03B0-EA96-3D02-2A0112EE2A4E}"
EndProject
Project("{FAE04EC0-301F-11D3-BF4B-00C04F79EFBC}") = "PhotonUnityNetworking.Editor", "PhotonUnityNetworking.Editor.csproj", "{F660B491-E709-C736-680D-A85672F14F22}"
EndProject
Project("{FAE04EC0-301F-11D3-BF4B-00C04F79EFBC}") = "PhotonUnityNetworking", "PhotonUnityNetworking.csproj", "{C1E5BA3A-8915-B99D-3968-AEE0553F8442}"
EndProject
Project("{FAE04EC0-301F-11D3-BF4B-00C04F79EFBC}") = "Assembly-CSharp", "Assembly-CSharp.csproj", "{6D230AEE-3AB2-E07F-5727-9BFD5820F506}"
EndProject
Project("{FAE04EC0-301F-11D3-BF4B-00C04F79EFBC}") = "PhotonUnityNetworking.Demos", "PhotonUnityNetworking.Demos.csproj", "{BFC5F09E-2633-1DCB-F792-BF785F78DC3C}"
EndProject
Project("{FAE04EC0-301F-11D3-BF4B-00C04F79EFBC}") = "PhotonUnityNetworking.Utilities", "PhotonUnityNetworking.Utilities.csproj", "{F7BA6FB5-73C1-A229-E1D8-8436712202A1}"
EndProject
Project("{FAE04EC0-301F-11D3-BF4B-00C04F79EFBC}") = "Assembly-CSharp-Editor", "Assembly-CSharp-Editor.csproj", "{A1E04B67-BB64-8168-30D3-A9581ADDEB86}"
EndProject
Project("{FAE04EC0-301F-11D3-BF4B-00C04F79EFBC}") = "PunDemos.DemoHubEditor", "PunDemos.DemoHubEditor.csproj", "{69DE0610-8246-B8E9-431C-C8E5DD3925AD}"
EndProject
Project("{FAE04EC0-301F-11D3-BF4B-00C04F79EFBC}") = "PunDemos.DemoSlotcarEditor", "PunDemos.DemoSlotcarEditor.csproj", "{78689302-3C45-21F7-00B3-71F169016BEE}"
EndProject
Project("{FAE04EC0-301F-11D3-BF4B-00C04F79EFBC}") = "PhotonChat", "PhotonChat.csproj", "{DEB30039-AB2A-F6C7-E282-7D884C45FC99}"
EndProject
Project("{FAE04EC0-301F-11D3-BF4B-00C04F79EFBC}") = "PhotonUnityNetworking.Utilities.PhotonPlayer.Editor", "PhotonUnityNetworking.Utilities.PhotonPlayer.Editor.csproj", "{76ED8A10-FCCA-FE1A-ED1A-775E1F3C93A3}"
EndProject
Project("{FAE04EC0-301F-11D3-BF4B-00C04F79EFBC}") = "PhotonUnityNetworking.Utilities.Culling.Editor", "PhotonUnityNetworking.Utilities.Culling.Editor.csproj", "{686E6D4A-1A6D-4D27-E0BB-D3E0ECF0CB5C}"
EndProject
Global
	GlobalSection(SolutionConfigurationPlatforms) = preSolution
		Debug|Any CPU = Debug|Any CPU
		Release|Any CPU = Release|Any CPU
	EndGlobalSection
	GlobalSection(ProjectConfigurationPlatforms) = postSolution
		{5A6CE5C5-03B0-EA96-3D02-2A0112EE2A4E}.Debug|Any CPU.ActiveCfg = Debug|Any CPU
		{5A6CE5C5-03B0-EA96-3D02-2A0112EE2A4E}.Debug|Any CPU.Build.0 = Debug|Any CPU
		{5A6CE5C5-03B0-EA96-3D02-2A0112EE2A4E}.Release|Any CPU.ActiveCfg = Release|Any CPU
		{5A6CE5C5-03B0-EA96-3D02-2A0112EE2A4E}.Release|Any CPU.Build.0 = Release|Any CPU
		{F660B491-E709-C736-680D-A85672F14F22}.Debug|Any CPU.ActiveCfg = Debug|Any CPU
		{F660B491-E709-C736-680D-A85672F14F22}.Debug|Any CPU.Build.0 = Debug|Any CPU
		{F660B491-E709-C736-680D-A85672F14F22}.Release|Any CPU.ActiveCfg = Release|Any CPU
		{F660B491-E709-C736-680D-A85672F14F22}.Release|Any CPU.Build.0 = Release|Any CPU
		{C1E5BA3A-8915-B99D-3968-AEE0553F8442}.Debug|Any CPU.ActiveCfg = Debug|Any CPU
		{C1E5BA3A-8915-B99D-3968-AEE0553F8442}.Debug|Any CPU.Build.0 = Debug|Any CPU
		{C1E5BA3A-8915-B99D-3968-AEE0553F8442}.Release|Any CPU.ActiveCfg = Release|Any CPU
		{C1E5BA3A-8915-B99D-3968-AEE0553F8442}.Release|Any CPU.Build.0 = Release|Any CPU
		{6D230AEE-3AB2-E07F-5727-9BFD5820F506}.Debug|Any CPU.ActiveCfg = Debug|Any CPU
		{6D230AEE-3AB2-E07F-5727-9BFD5820F506}.Debug|Any CPU.Build.0 = Debug|Any CPU
		{6D230AEE-3AB2-E07F-5727-9BFD5820F506}.Release|Any CPU.ActiveCfg = Release|Any CPU
		{6D230AEE-3AB2-E07F-5727-9BFD5820F506}.Release|Any CPU.Build.0 = Release|Any CPU
		{BFC5F09E-2633-1DCB-F792-BF785F78DC3C}.Debug|Any CPU.ActiveCfg = Debug|Any CPU
		{BFC5F09E-2633-1DCB-F792-BF785F78DC3C}.Debug|Any CPU.Build.0 = Debug|Any CPU
		{BFC5F09E-2633-1DCB-F792-BF785F78DC3C}.Release|Any CPU.ActiveCfg = Release|Any CPU
		{BFC5F09E-2633-1DCB-F792-BF785F78DC3C}.Release|Any CPU.Build.0 = Release|Any CPU
		{F7BA6FB5-73C1-A229-E1D8-8436712202A1}.Debug|Any CPU.ActiveCfg = Debug|Any CPU
		{F7BA6FB5-73C1-A229-E1D8-8436712202A1}.Debug|Any CPU.Build.0 = Debug|Any CPU
		{F7BA6FB5-73C1-A229-E1D8-8436712202A1}.Release|Any CPU.ActiveCfg = Release|Any CPU
		{F7BA6FB5-73C1-A229-E1D8-8436712202A1}.Release|Any CPU.Build.0 = Release|Any CPU
		{A1E04B67-BB64-8168-30D3-A9581ADDEB86}.Debug|Any CPU.ActiveCfg = Debug|Any CPU
		{A1E04B67-BB64-8168-30D3-A9581ADDEB86}.Debug|Any CPU.Build.0 = Debug|Any CPU
		{A1E04B67-BB64-8168-30D3-A9581ADDEB86}.Release|Any CPU.ActiveCfg = Release|Any CPU
		{A1E04B67-BB64-8168-30D3-A9581ADDEB86}.Release|Any CPU.Build.0 = Release|Any CPU
		{69DE0610-8246-B8E9-431C-C8E5DD3925AD}.Debug|Any CPU.ActiveCfg = Debug|Any CPU
		{69DE0610-8246-B8E9-431C-C8E5DD3925AD}.Debug|Any CPU.Build.0 = Debug|Any CPU
		{69DE0610-8246-B8E9-431C-C8E5DD3925AD}.Release|Any CPU.ActiveCfg = Release|Any CPU
		{69DE0610-8246-B8E9-431C-C8E5DD3925AD}.Release|Any CPU.Build.0 = Release|Any CPU
		{78689302-3C45-21F7-00B3-71F169016BEE}.Debug|Any CPU.ActiveCfg = Debug|Any CPU
		{78689302-3C45-21F7-00B3-71F169016BEE}.Debug|Any CPU.Build.0 = Debug|Any CPU
		{78689302-3C45-21F7-00B3-71F169016BEE}.Release|Any CPU.ActiveCfg = Release|Any CPU
		{78689302-3C45-21F7-00B3-71F169016BEE}.Release|Any CPU.Build.0 = Release|Any CPU
		{DEB30039-AB2A-F6C7-E282-7D884C45FC99}.Debug|Any CPU.ActiveCfg = Debug|Any CPU
		{DEB30039-AB2A-F6C7-E282-7D884C45FC99}.Debug|Any CPU.Build.0 = Debug|Any CPU
		{DEB30039-AB2A-F6C7-E282-7D884C45FC99}.Release|Any CPU.ActiveCfg = Release|Any CPU
		{DEB30039-AB2A-F6C7-E282-7D884C45FC99}.Release|Any CPU.Build.0 = Release|Any CPU
		{76ED8A10-FCCA-FE1A-ED1A-775E1F3C93A3}.Debug|Any CPU.ActiveCfg = Debug|Any CPU
		{76ED8A10-FCCA-FE1A-ED1A-775E1F3C93A3}.Debug|Any CPU.Build.0 = Debug|Any CPU
		{76ED8A10-FCCA-FE1A-ED1A-775E1F3C93A3}.Release|Any CPU.ActiveCfg = Release|Any CPU
		{76ED8A10-FCCA-FE1A-ED1A-775E1F3C93A3}.Release|Any CPU.Build.0 = Release|Any CPU
		{686E6D4A-1A6D-4D27-E0BB-D3E0ECF0CB5C}.Debug|Any CPU.ActiveCfg = Debug|Any CPU
		{686E6D4A-1A6D-4D27-E0BB-D3E0ECF0CB5C}.Debug|Any CPU.Build.0 = Debug|Any CPU
		{686E6D4A-1A6D-4D27-E0BB-D3E0ECF0CB5C}.Release|Any CPU.ActiveCfg = Release|Any CPU
		{686E6D4A-1A6D-4D27-E0BB-D3E0ECF0CB5C}.Release|Any CPU.Build.0 = Release|Any CPU
	EndGlobalSection
	GlobalSection(SolutionProperties) = preSolution
		HideSolutionNode = FALSE
	EndGlobalSection
EndGlobal
